# This file was autogenerated by Stack.
# You should not edit this file by hand.
# For more information, please see the documentation at:
#   https://docs.haskellstack.org/en/stable/lock_files

packages:
- completed:
    cabal-file:
      size: 1589
      sha256: a7fed7bf05edcacbc742850eca2a9a60d9ac8bc5148705e01910b39ed44a030f
    name: equational-reasoning
    version: 0.6.0.0
    git: https://github.com/serokell/equational-reasoning-in-haskell.git
    pantry-tree:
      size: 963
      sha256: 9fc2fbe0e17e41a0d7dd52d3d458e567f9d212023e387e998dfa2b2c0c7cc08a
    commit: 16ab0718dd99354eaca14a5a14640e7c4ac67a05
  original:
    git: https://github.com/serokell/equational-reasoning-in-haskell.git
    commit: 16ab0718dd99354eaca14a5a14640e7c4ac67a05
snapshots:
- completed:
    size: 434661
    url: https://raw.githubusercontent.com/commercialhaskell/stackage-snapshots/master/nightly/2019/11/29.yaml
    sha256: 9edba401b588c0b8359262043b51f0bd33e2334802f0a1467eb660a23601eaf6
  original: nightly-2019-11-29
